
Microsoft Visual Studio Solution File, Format Version 12.00
# Visual Studio 15
VisualStudioVersion = 15.0.27130.2036
MinimumVisualStudioVersion = 10.0.40219.1
Project("{FAE04EC0-301F-11D3-BF4B-00C04F79EFBC}") = "CropDaysTillHarvest", "CropDaysTillHarvest\CropDaysTillHarvest.csproj", "{E48A7E53-1A3A-4100-B5CC-14EBF1623DB9}"
EndProject
Global
	GlobalSection(SolutionConfigurationPlatforms) = preSolution
		Debug|Any CPU = Debug|Any CPU
		Release|Any CPU = Release|Any CPU
	EndGlobalSection
	GlobalSection(ProjectConfigurationPlatforms) = postSolution
		{E48A7E53-1A3A-4100-B5CC-14EBF1623DB9}.Debug|Any CPU.ActiveCfg = Debug|x86
		{E48A7E53-1A3A-4100-B5CC-14EBF1623DB9}.Debug|Any CPU.Build.0 = Debug|x86
		{E48A7E53-1A3A-4100-B5CC-14EBF1623DB9}.Release|Any CPU.ActiveCfg = Release|x86
		{E48A7E53-1A3A-4100-B5CC-14EBF1623DB9}.Release|Any CPU.Build.0 = Release|x86
	EndGlobalSection
	GlobalSection(SolutionProperties) = preSolution
		HideSolutionNode = FALSE
	EndGlobalSection
	GlobalSection(ExtensibilityGlobals) = postSolution
		SolutionGuid = {E642E40B-7B71-4664-9F5A-79287FF21B9A}
	EndGlobalSection
EndGlobal
